{
    "_meta": {
        "hash": {
            "sha256": "f41b83f7516ed050b16cc968f9f8397098aa4b1bcbce1e0b0f65b351db2fd51a"
        },
        "pipfile-spec": 6,
        "requires": {
            "python_version": "3.9"
        },
        "sources": [
            {
                "name": "pypi",
                "url": "https://pypi.org/simple",
                "verify_ssl": true
            }
        ]
    },
    "default": {
        "mysql-connector-python": {
            "hashes": [
                "sha256:02526f16eacc3961ff681c5c8455d2306a9b45124f2f012ca75a1eac9ceb5165",
                "sha256:0fbe8f5441ad781b4f65c54a10ac77c6a329591456607e042786528599519636",
                "sha256:17d6ea22dacca7fa78a73a81f2b186d4c5c6e70b7be314e352526654e9ba4713",
                "sha256:28cb3667be64ebfbd3d477bbd2c71e50d48bd5ed7ba2072dd460ae886d27e88e",
                "sha256:30f4542d4d20357c79604e6bf1a801e71dfc45c759c22b502ca5aa8122c3e859",
                "sha256:3e271d8de00d5e9f9bd4b212c8e23d2986dead0f20379010f3b274a3e24cbfcb",
                "sha256:447847396d1b51edd9cfe05a8c5ba82836d8ea4866f25f36a836cab322fdc4f0",
                "sha256:48eb34f4e69a2fba56f310de6682862a15d46cd2bd51ee6eebc3a244e4ee0aa6",
                "sha256:4d75e6c3a7f18004e8279cbd9f5edc70089d6aaf3cb64374e21098d9bf0b93c4",
                "sha256:5e01a2f50378c13407a32e40dd4d225cfee5996d9d11968f76720ec28aa45421",
                "sha256:744c976569e81eecce5e8c7e8f80df2a1c3f64414829addc69c64aef8f56d091",
                "sha256:746df133c677fbe4687da33aad5a711abdd9bd2277bbc350e20f903f07c81ef5",
                "sha256:79d6a6e8ce955df5ca0786cb8ed8fbd999745c9b50def89993a2a0f4732de721",
                "sha256:8ad0d08f3f7c9e48d6d102c7de718e5e44f630f916ff2f4b4ff8a3756b5d10ac",
                "sha256:9be9c4dcae987a2a3f07b2ad984984c24f90887dbfab3c8a971e631ad4ca5ccf",
                "sha256:a1d8c1509c740649f352400d50360185e5473371507bb6498ceda0c6e877920c",
                "sha256:a570a72e0015b36b9c0775ae27c1d4946225f02f62129d16a14e9d77a38c0717",
                "sha256:a7ac859a52486ac319e37f61469bbb9023faef38018223efa74e953f1fe23d36",
                "sha256:ac85883ec3b3a9a0e36cacc89b8f5e666206842c432a5f69b09a7687ddf51d4a",
                "sha256:ae1b3d03802474a161cce8a97024484d18bef43b86d20114908cbc263817cade",
                "sha256:b2bbf443f6346e46c26a3e91dd96a428a1038f2d3c5e466541078479c64a1833",
                "sha256:d0ca1ba3e5fb2f2cddcf271c320cd5c368f8d392c034ddab7a1c8dfd19510351",
                "sha256:e60426af313dcd526028d018d70757a82c5cc0673776b2a614e2180b5970feed",
                "sha256:e9e5ad544adfc82ffbda2c74685c8c953bce2e212c56f117020079f05e2c68b2",
                "sha256:f3ee04a601f9cb90ace9618bbe2fa8e5bb59be3eb0c2bd8a5405fe69e05e446b",
                "sha256:f89b7a731885b8a04248e4d8d124705ca836f0ddd3b7cf0c789e21f4b32810ed"
            ],
            "index": "pypi",
            "version": "==8.0.31"
        },
        "protobuf": {
            "hashes": [
                "sha256:06059eb6953ff01e56a25cd02cca1a9649a75a7e65397b5b9b4e929ed71d10cf",
                "sha256:097c5d8a9808302fb0da7e20edf0b8d4703274d140fd25c5edabddcde43e081f",
                "sha256:284f86a6207c897542d7e956eb243a36bb8f9564c1742b253462386e96c6b78f",
                "sha256:32ca378605b41fd180dfe4e14d3226386d8d1b002ab31c969c366549e66a2bb7",
                "sha256:3cc797c9d15d7689ed507b165cd05913acb992d78b379f6014e013f9ecb20996",
                "sha256:62f1b5c4cd6c5402b4e2d63804ba49a327e0c386c99b1675c8a0fefda23b2067",
                "sha256:69ccfdf3657ba59569c64295b7d51325f91af586f8d5793b734260dfe2e94e2c",
                "sha256:6f50601512a3d23625d8a85b1638d914a0970f17920ff39cec63aaef80a93fb7",
                "sha256:7403941f6d0992d40161aa8bb23e12575637008a5a02283a930addc0508982f9",
                "sha256:755f3aee41354ae395e104d62119cb223339a8f3276a0cd009ffabfcdd46bb0c",
                "sha256:77053d28427a29987ca9caf7b72ccafee011257561259faba8dd308fda9a8739",
                "sha256:7e371f10abe57cee5021797126c93479f59fccc9693dafd6bd5633ab67808a91",
                "sha256:9016d01c91e8e625141d24ec1b20fed584703e527d28512aa8c8707f105a683c",
                "sha256:9be73ad47579abc26c12024239d3540e6b765182a91dbc88e23658ab71767153",
                "sha256:adc31566d027f45efe3f44eeb5b1f329da43891634d61c75a5944e9be6dd42c9",
                "sha256:adfc6cf69c7f8c50fd24c793964eef18f0ac321315439d94945820612849c388",
                "sha256:af0ebadc74e281a517141daad9d0f2c5d93ab78e9d455113719a45a49da9db4e",
                "sha256:cb29edb9eab15742d791e1025dd7b6a8f6fcb53802ad2f6e3adcb102051063ab",
                "sha256:cd68be2559e2a3b84f517fb029ee611546f7812b1fdd0aa2ecc9bc6ec0e4fdde",
                "sha256:cdee09140e1cd184ba9324ec1df410e7147242b94b5f8b0c64fc89e38a8ba531",
                "sha256:db977c4ca738dd9ce508557d4fce0f5aebd105e158c725beec86feb1f6bc20d8",
                "sha256:dd5789b2948ca702c17027c84c2accb552fc30f4622a98ab5c51fcfe8c50d3e7",
                "sha256:e250a42f15bf9d5b09fe1b293bdba2801cd520a9f5ea2d7fb7536d4441811d20",
                "sha256:ff8d8fa42675249bb456f5db06c00de6c2f4c27a065955917b28c4f15978b9c3"
            ],
            "markers": "python_version >= '3.7'",
            "version": "==3.20.1"
        },
        "pywin32": {
            "hashes": [
                "sha256:109f98980bfb27e78f4df8a51a8198e10b0f347257d1e265bb1a32993d0c973d",
                "sha256:13362cc5aa93c2beaf489c9c9017c793722aeb56d3e5166dadd5ef82da021fe1",
                "sha256:19ca459cd2e66c0e2cc9a09d589f71d827f26d47fe4a9d09175f6aa0256b51c2",
                "sha256:326f42ab4cfff56e77e3e595aeaf6c216712bbdd91e464d167c6434b28d65990",
                "sha256:421f6cd86e84bbb696d54563c48014b12a23ef95a14e0bdba526be756d89f116",
                "sha256:48d8b1659284f3c17b68587af047d110d8c44837736b8932c034091683e05863",
                "sha256:4ecd404b2c6eceaca52f8b2e3e91b2187850a1ad3f8b746d0796a98b4cea04db",
                "sha256:50768c6b7c3f0b38b7fb14dd4104da93ebced5f1a50dc0e834594bff6fbe1271",
                "sha256:56d7a9c6e1a6835f521788f53b5af7912090674bb84ef5611663ee1595860fc7",
                "sha256:73e819c6bed89f44ff1d690498c0a811948f73777e5f97c494c152b850fad478",
                "sha256:742eb905ce2187133a29365b428e6c3b9001d79accdc30aa8969afba1d8470f4",
                "sha256:9d968c677ac4d5cbdaa62fd3014ab241718e619d8e36ef8e11fb930515a1e918",
                "sha256:9dd98384da775afa009bc04863426cb30596fd78c6f8e4e2e5bbf4edf8029504",
                "sha256:a55db448124d1c1484df22fa8bbcbc45c64da5e6eae74ab095b9ea62e6d00496"
            ],
            "index": "pypi",
            "version": "==305"
        },
        "watchdog": {
            "hashes": [
                "sha256:083171652584e1b8829581f965b9b7723ca5f9a2cd7e20271edf264cfd7c1412",
                "sha256:117ffc6ec261639a0209a3252546b12800670d4bf5f84fbd355957a0595fe654",
                "sha256:186f6c55abc5e03872ae14c2f294a153ec7292f807af99f57611acc8caa75306",
                "sha256:195fc70c6e41237362ba720e9aaf394f8178bfc7fa68207f112d108edef1af33",
                "sha256:226b3c6c468ce72051a4c15a4cc2ef317c32590d82ba0b330403cafd98a62cfd",
                "sha256:247dcf1df956daa24828bfea5a138d0e7a7c98b1a47cf1fa5b0c3c16241fcbb7",
                "sha256:255bb5758f7e89b1a13c05a5bceccec2219f8995a3a4c4d6968fe1de6a3b2892",
                "sha256:43ce20ebb36a51f21fa376f76d1d4692452b2527ccd601950d69ed36b9e21609",
                "sha256:4f4e1c4aa54fb86316a62a87b3378c025e228178d55481d30d857c6c438897d6",
                "sha256:5952135968519e2447a01875a6f5fc8c03190b24d14ee52b0f4b1682259520b1",
                "sha256:64a27aed691408a6abd83394b38503e8176f69031ca25d64131d8d640a307591",
                "sha256:6b17d302850c8d412784d9246cfe8d7e3af6bcd45f958abb2d08a6f8bedf695d",
                "sha256:70af927aa1613ded6a68089a9262a009fbdf819f46d09c1a908d4b36e1ba2b2d",
                "sha256:7a833211f49143c3d336729b0020ffd1274078e94b0ae42e22f596999f50279c",
                "sha256:8250546a98388cbc00c3ee3cc5cf96799b5a595270dfcfa855491a64b86ef8c3",
                "sha256:97f9752208f5154e9e7b76acc8c4f5a58801b338de2af14e7e181ee3b28a5d39",
                "sha256:9f05a5f7c12452f6a27203f76779ae3f46fa30f1dd833037ea8cbc2887c60213",
                "sha256:a735a990a1095f75ca4f36ea2ef2752c99e6ee997c46b0de507ba40a09bf7330",
                "sha256:ad576a565260d8f99d97f2e64b0f97a48228317095908568a9d5c786c829d428",
                "sha256:b530ae007a5f5d50b7fbba96634c7ee21abec70dc3e7f0233339c81943848dc1",
                "sha256:bfc4d351e6348d6ec51df007432e6fe80adb53fd41183716017026af03427846",
                "sha256:d3dda00aca282b26194bdd0adec21e4c21e916956d972369359ba63ade616153",
                "sha256:d9820fe47c20c13e3c9dd544d3706a2a26c02b2b43c993b62fcd8011bcc0adb3",
                "sha256:ed80a1628cee19f5cfc6bb74e173f1b4189eb532e705e2a13e3250312a62e0c9",
                "sha256:ee3e38a6cc050a8830089f79cbec8a3878ec2fe5160cdb2dc8ccb6def8552658"
            ],
            "index": "pypi",
            "version": "==2.1.9"
        }
    },
    "develop": {
        "black": {
            "hashes": [
                "sha256:14ff67aec0a47c424bc99b71005202045dc09270da44a27848d534600ac64fc7",
                "sha256:197df8509263b0b8614e1df1756b1dd41be6738eed2ba9e9769f3880c2b9d7b6",
                "sha256:1e464456d24e23d11fced2bc8c47ef66d471f845c7b7a42f3bd77bf3d1789650",
                "sha256:2039230db3c6c639bd84efe3292ec7b06e9214a2992cd9beb293d639c6402edb",
                "sha256:21199526696b8f09c3997e2b4db8d0b108d801a348414264d2eb8eb2532e540d",
                "sha256:2644b5d63633702bc2c5f3754b1b475378fbbfb481f62319388235d0cd104c2d",
                "sha256:432247333090c8c5366e69627ccb363bc58514ae3e63f7fc75c54b1ea80fa7de",
                "sha256:444ebfb4e441254e87bad00c661fe32df9969b2bf224373a448d8aca2132b395",
                "sha256:5b9b29da4f564ba8787c119f37d174f2b69cdfdf9015b7d8c5c16121ddc054ae",
                "sha256:5cc42ca67989e9c3cf859e84c2bf014f6633db63d1cbdf8fdb666dcd9e77e3fa",
                "sha256:5d8f74030e67087b219b032aa33a919fae8806d49c867846bfacde57f43972ef",
                "sha256:72ef3925f30e12a184889aac03d77d031056860ccae8a1e519f6cbb742736383",
                "sha256:819dc789f4498ecc91438a7de64427c73b45035e2e3680c92e18795a839ebb66",
                "sha256:915ace4ff03fdfff953962fa672d44be269deb2eaf88499a0f8805221bc68c87",
                "sha256:9311e99228ae10023300ecac05be5a296f60d2fd10fff31cf5c1fa4ca4b1988d",
                "sha256:974308c58d057a651d182208a484ce80a26dac0caef2895836a92dd6ebd725e0",
                "sha256:b8b49776299fece66bffaafe357d929ca9451450f5466e997a7285ab0fe28e3b",
                "sha256:c957b2b4ea88587b46cf49d1dc17681c1e672864fd7af32fc1e9664d572b3458",
                "sha256:e41a86c6c650bcecc6633ee3180d80a025db041a8e2398dcc059b3afa8382cd4",
                "sha256:f513588da599943e0cde4e32cc9879e825d58720d6557062d1098c5ad80080e1",
                "sha256:fba8a281e570adafb79f7755ac8721b6cf1bbf691186a287e990c7929c7692ff"
            ],
            "index": "pypi",
            "version": "==22.10.0"
        },
        "click": {
            "hashes": [
                "sha256:7682dc8afb30297001674575ea00d1814d808d6a36af415a82bd481d37ba7b8e",
                "sha256:bb4d8133cb15a609f44e8213d9b391b0809795062913b383c62be0ee95b1db48"
            ],
            "markers": "python_version >= '3.7'",
            "version": "==8.1.3"
        },
        "colorama": {
            "hashes": [
                "sha256:08695f5cb7ed6e0531a20572697297273c47b8cae5a63ffc6d6ed5c201be6e44",
                "sha256:4f1d9991f5acc0ca119f9d443620b77f9d6b33703e51011c16baf57afb285fc6"
            ],
            "markers": "platform_system == 'Windows'",
            "version": "==0.4.6"
        },
        "mypy-extensions": {
            "hashes": [
                "sha256:090fedd75945a69ae91ce1303b5824f428daf5a028d2f6ab8a299250a846f15d",
                "sha256:2d82818f5bb3e369420cb3c4060a7970edba416647068eb4c5343488a6c604a8"
            ],
            "version": "==0.4.3"
        },
        "pathspec": {
            "hashes": [
                "sha256:88c2606f2c1e818b978540f73ecc908e13999c6c3a383daf3705652ae79807a5",
                "sha256:8f6bf73e5758fd365ef5d58ce09ac7c27d2833a8d7da51712eac6e27e35141b0"
            ],
            "markers": "python_version >= '3.7'",
            "version": "==0.10.2"
        },
        "platformdirs": {
            "hashes": [
                "sha256:1006647646d80f16130f052404c6b901e80ee4ed6bef6792e1f238a8969106f7",
                "sha256:af0276409f9a02373d540bf8480021a048711d572745aef4b7842dad245eba10"
            ],
            "markers": "python_version >= '3.7'",
            "version": "==2.5.4"
        },
        "tomli": {
            "hashes": [
                "sha256:939de3e7a6161af0c887ef91b7d41a53e7c5a1ca976325f429cb46ea9bc30ecc",
                "sha256:de526c12914f0c550d15924c62d72abc48d6fe7364aa87328337a31007fe8a4f"
            ],
            "markers": "python_full_version < '3.11.0a7'",
            "version": "==2.0.1"
        },
        "typing-extensions": {
            "hashes": [
                "sha256:1511434bb92bf8dd198c12b1cc812e800d4181cfcb867674e0f8279cc93087aa",
                "sha256:16fa4864408f655d35ec496218b85f79b3437c829e93320c7c9215ccfd92489e"
            ],
            "markers": "python_version < '3.10'",
            "version": "==4.4.0"
        }
    }
}
